
Microsoft Visual Studio Solution File, Format Version 12.00
# Visual Studio Version 17
VisualStudioVersion = 17.0.31903.59
MinimumVisualStudioVersion = 10.0.40219.1
Project("{9A19103F-16F7-4668-BE54-9A1E7A4F7556}") = "Ecommerce.Aplication", "src\Aplication\Ecommerce.Aplication.csproj", "{5175439E-BD90-4BAD-80A9-992F64800CCC}"
EndProject
Project("{9A19103F-16F7-4668-BE54-9A1E7A4F7556}") = "Ecommerce.Domain", "src\Domain\Ecommerce.Domain.csproj", "{B98F2CF2-C335-448F-A51E-57C68E863D49}"
EndProject
Project("{9A19103F-16F7-4668-BE54-9A1E7A4F7556}") = "Ecommerce.Api", "src\Api\Ecommerce.Api.csproj", "{EC4CBC97-370A-4442-ACAA-88D85F6A852B}"
EndProject
Project("{9A19103F-16F7-4668-BE54-9A1E7A4F7556}") = "Ecommerce.Infrastructure", "src\Infrastructure\Ecommerce.Infrastructure.csproj", "{34AB34E5-5491-4950-8636-77331EEF746B}"
EndProject
Global
	GlobalSection(SolutionConfigurationPlatforms) = preSolution
		Debug|Any CPU = Debug|Any CPU
		Release|Any CPU = Release|Any CPU
	EndGlobalSection
	GlobalSection(ProjectConfigurationPlatforms) = postSolution
		{5175439E-BD90-4BAD-80A9-992F64800CCC}.Debug|Any CPU.ActiveCfg = Debug|Any CPU
		{5175439E-BD90-4BAD-80A9-992F64800CCC}.Debug|Any CPU.Build.0 = Debug|Any CPU
		{5175439E-BD90-4BAD-80A9-992F64800CCC}.Release|Any CPU.ActiveCfg = Release|Any CPU
		{5175439E-BD90-4BAD-80A9-992F64800CCC}.Release|Any CPU.Build.0 = Release|Any CPU
		{B98F2CF2-C335-448F-A51E-57C68E863D49}.Debug|Any CPU.ActiveCfg = Debug|Any CPU
		{B98F2CF2-C335-448F-A51E-57C68E863D49}.Debug|Any CPU.Build.0 = Debug|Any CPU
		{B98F2CF2-C335-448F-A51E-57C68E863D49}.Release|Any CPU.ActiveCfg = Release|Any CPU
		{B98F2CF2-C335-448F-A51E-57C68E863D49}.Release|Any CPU.Build.0 = Release|Any CPU
		{EC4CBC97-370A-4442-ACAA-88D85F6A852B}.Debug|Any CPU.ActiveCfg = Debug|Any CPU
		{EC4CBC97-370A-4442-ACAA-88D85F6A852B}.Debug|Any CPU.Build.0 = Debug|Any CPU
		{EC4CBC97-370A-4442-ACAA-88D85F6A852B}.Release|Any CPU.ActiveCfg = Release|Any CPU
		{EC4CBC97-370A-4442-ACAA-88D85F6A852B}.Release|Any CPU.Build.0 = Release|Any CPU
		{34AB34E5-5491-4950-8636-77331EEF746B}.Debug|Any CPU.ActiveCfg = Debug|Any CPU
		{34AB34E5-5491-4950-8636-77331EEF746B}.Debug|Any CPU.Build.0 = Debug|Any CPU
		{34AB34E5-5491-4950-8636-77331EEF746B}.Release|Any CPU.ActiveCfg = Release|Any CPU
		{34AB34E5-5491-4950-8636-77331EEF746B}.Release|Any CPU.Build.0 = Release|Any CPU
	EndGlobalSection
	GlobalSection(SolutionProperties) = preSolution
		HideSolutionNode = FALSE
	EndGlobalSection
	GlobalSection(ExtensibilityGlobals) = postSolution
		SolutionGuid = {30CCE141-E860-4877-B50B-53A278C2625F}
	EndGlobalSection
EndGlobal
